
Microsoft Visual Studio Solution File, Format Version 12.00
# Visual Studio Version 16
VisualStudioVersion = 16.0.30128.74
MinimumVisualStudioVersion = 10.0.40219.1
Project("{8BC9CEB8-8B4A-11D0-8D11-00A0C91BC942}") = "Aetherborne", "Aetherborne\Aetherborne.vcxproj", "{7899DCEE-260A-4E81-AE4E-9A90FFD1EC13}"
EndProject
Global
	GlobalSection(SolutionConfigurationPlatforms) = preSolution
		Debug|x64 = Debug|x64
		Debug|x86 = Debug|x86
		Release|x64 = Release|x64
		Release|x86 = Release|x86
	EndGlobalSection
	GlobalSection(ProjectConfigurationPlatforms) = postSolution
		{7899DCEE-260A-4E81-AE4E-9A90FFD1EC13}.Debug|x64.ActiveCfg = Debug|x64
		{7899DCEE-260A-4E81-AE4E-9A90FFD1EC13}.Debug|x64.Build.0 = Debug|x64
		{7899DCEE-260A-4E81-AE4E-9A90FFD1EC13}.Debug|x86.ActiveCfg = Debug|Win32
		{7899DCEE-260A-4E81-AE4E-9A90FFD1EC13}.Debug|x86.Build.0 = Debug|Win32
		{7899DCEE-260A-4E81-AE4E-9A90FFD1EC13}.Release|x64.ActiveCfg = Release|x64
		{7899DCEE-260A-4E81-AE4E-9A90FFD1EC13}.Release|x64.Build.0 = Release|x64
		{7899DCEE-260A-4E81-AE4E-9A90FFD1EC13}.Release|x86.ActiveCfg = Release|Win32
		{7899DCEE-260A-4E81-AE4E-9A90FFD1EC13}.Release|x86.Build.0 = Release|Win32
	EndGlobalSection
	GlobalSection(SolutionProperties) = preSolution
		HideSolutionNode = FALSE
	EndGlobalSection
	GlobalSection(ExtensibilityGlobals) = postSolution
		SolutionGuid = {BE00980C-2EE5-4AC4-8CC5-7A1B2AD6323B}
	EndGlobalSection
EndGlobal
