<?xml version="1.0" encoding="utf-8"?>
<Project ToolsVersion="4.0" xmlns="http://schemas.microsoft.com/developer/msbuild/2003">
  <ItemGroup>
    <Filter Include="Resource Files">
      <UniqueIdentifier>{67DA6AB6-F800-4c08-8B7A-83BB121AAD01}</UniqueIdentifier>
      <Extensions>rc;ico;cur;bmp;dlg;rc2;rct;bin;rgs;gif;jpg;jpeg;jpe;resx;tiff;tif;png;wav;mfcribbon-ms</Extensions>
    </Filter>
    <Filter Include="Engine">
      <UniqueIdentifier>{d373c6ff-3b4b-45fa-a57d-644dbb74339c}</UniqueIdentifier>
    </Filter>
    <Filter Include="Game">
      <UniqueIdentifier>{62cbf5fb-c69f-4575-98a7-daac89a875a7}</UniqueIdentifier>
    </Filter>
    <Filter Include="Engine\Header Files">
      <UniqueIdentifier>{ae963707-72d1-4e2b-b3b7-7ca5d29adcfb}</UniqueIdentifier>
    </Filter>
    <Filter Include="Engine\Source Files">
      <UniqueIdentifier>{7044c453-5cdf-4772-94af-d07311e708d4}</UniqueIdentifier>
    </Filter>
    <Filter Include="Game\Header Files">
      <UniqueIdentifier>{bb0da52b-dd6e-40d8-ad4c-16eb64b0b48a}</UniqueIdentifier>
    </Filter>
    <Filter Include="Game\Source Files">
      <UniqueIdentifier>{35f08c6d-fdb1-491f-af53-2812f146642a}</UniqueIdentifier>
    </Filter>
  </ItemGroup>
  <ItemGroup>
    <ClCompile Include="main.cpp">
      <Filter>Game</Filter>
    </ClCompile>
    <ClCompile Include="AddTimestamp.cpp">
      <Filter>Engine\Source Files</Filter>
    </ClCompile>
    <ClCompile Include="Console.cpp">
      <Filter>Engine\Source Files</Filter>
    </ClCompile>
    <ClCompile Include="ConsoleGUI.cpp">
      <Filter>Engine\Source Files</Filter>
    </ClCompile>
    <ClCompile Include="Engine.cpp">
      <Filter>Engine\Source Files</Filter>
    </ClCompile>
    <ClCompile Include="Window.cpp">
      <Filter>Engine\Source Files</Filter>
    </ClCompile>
  </ItemGroup>
  <ItemGroup>
    <ClInclude Include="ConsoleGUI.h">
      <Filter>Engine\Header Files</Filter>
    </ClInclude>
    <ClInclude Include="AddTimestamp.h">
      <Filter>Engine\Header Files</Filter>
    </ClInclude>
    <ClInclude Include="Console.h">
      <Filter>Engine\Header Files</Filter>
    </ClInclude>
    <ClInclude Include="Engine.h">
      <Filter>Engine\Header Files</Filter>
    </ClInclude>
    <ClInclude Include="Window.h">
      <Filter>Engine\Header Files</Filter>
    </ClInclude>
  </ItemGroup>
</Project>